
Microsoft Visual Studio Solution File, Format Version 12.00
# Visual Studio 15
VisualStudioVersion = 15.0.26430.14
MinimumVisualStudioVersion = 10.0.40219.1
Project("{2150E333-8FDC-42A3-9474-1A3956D46DE8}") = "src", "src", "{6804334B-C456-4FC7-A258-2967FCC99457}"
EndProject
Project("{2150E333-8FDC-42A3-9474-1A3956D46DE8}") = "0. DataBaseScripts", "0. DataBaseScripts", "{468BA084-B462-4B9E-87F4-0ABB782FFE4E}"
EndProject
Project("{2150E333-8FDC-42A3-9474-1A3956D46DE8}") = "1. Model", "1. Model", "{7889359B-3311-40CD-BA6A-A71A302E91BE}"
EndProject
Project("{2150E333-8FDC-42A3-9474-1A3956D46DE8}") = "2. DataAccess", "2. DataAccess", "{C73CE854-F345-4E9A-8055-6D5EEA7B525A}"
EndProject
Project("{2150E333-8FDC-42A3-9474-1A3956D46DE8}") = "3. Business", "3. Business", "{2E4278B7-C1FE-4E9C-AB18-7807C973895E}"
EndProject
Project("{2150E333-8FDC-42A3-9474-1A3956D46DE8}") = "4. Web", "4. Web", "{34E7F251-2C4F-47BB-A8BE-141B51E5662F}"
EndProject
Project("{2150E333-8FDC-42A3-9474-1A3956D46DE8}") = "5. Transversal", "5. Transversal", "{CC30FEEA-3392-4F82-BB4F-62784930F150}"
EndProject
Project("{FAE04EC0-301F-11D3-BF4B-00C04F79EFBC}") = "Mardis.Engine.DataAccess", "Mardis.Engine.DataAccess\Mardis.Engine.DataAccess.csproj", "{11B9CE2F-FF49-4022-850E-B63954967745}"
EndProject
Project("{FAE04EC0-301F-11D3-BF4B-00C04F79EFBC}") = "Mardis.Engine.Framework.Resources", "Mardis.Engine.Framework.Resources\Mardis.Engine.Framework.Resources.csproj", "{7A86087D-7FB6-4B79-8008-DB7A02E116DF}"
EndProject
Project("{FAE04EC0-301F-11D3-BF4B-00C04F79EFBC}") = "Mardis.Engine.DataObject", "Mardis.Engine.DataObject\Mardis.Engine.DataObject.csproj", "{3C845BDB-5123-4080-90C9-97758C2159CB}"
EndProject
Project("{FAE04EC0-301F-11D3-BF4B-00C04F79EFBC}") = "Mardis.Engine.Framework", "Mardis.Engine.Framework\Mardis.Engine.Framework.csproj", "{C3DC76A5-1830-4F18-B5F0-C1C73758E416}"
EndProject
Project("{FAE04EC0-301F-11D3-BF4B-00C04F79EFBC}") = "Mardis.Engine.Web.ViewModel", "Mardis.Engine.Web.ViewModel\Mardis.Engine.Web.ViewModel.csproj", "{62C7B622-8BEE-45C4-92DB-D7DED90673B9}"
EndProject
Project("{FAE04EC0-301F-11D3-BF4B-00C04F79EFBC}") = "Mardis.Engine.Business", "Mardis.Engine.Business\Mardis.Engine.Business.csproj", "{F9414D07-0495-4FFA-AB2C-D416D045F72B}"
EndProject
Project("{FAE04EC0-301F-11D3-BF4B-00C04F79EFBC}") = "Mardis.Engine.Converter", "Mardis.Engine.Converter\Mardis.Engine.Converter.csproj", "{B61C7D5C-4EA1-4DEC-8F31-EA68AF4DAA25}"
EndProject
Project("{9A19103F-16F7-4668-BE54-9A1E7A4F7556}") = "Mardis.Engine.Web", "Mardis.Engine.Web\Mardis.Engine.Web.csproj", "{91D8EAA2-45D7-41CD-959A-BD3501C0D765}"
EndProject
Project("{00D1A9C2-B5F0-4AF3-8072-F6C62B433612}") = "Mardis.Engine.Database", "Mardis.Engine.Database\Mardis.Engine.Database.sqlproj", "{F9875D1F-D4D7-437E-85B1-9BB8FB035176}"
EndProject
Project("{2150E333-8FDC-42A3-9474-1A3956D46DE8}") = "6. Test", "6. Test", "{DF3ED08A-196C-4EF5-93A4-FCAC2DD1C815}"
EndProject
Project("{FAE04EC0-301F-11D3-BF4B-00C04F79EFBC}") = "BusinessTest", "BusinessTest\BusinessTest.csproj", "{00ADF72C-E6DC-45D4-BA09-457C28D400D0}"
EndProject
Project("{FAE04EC0-301F-11D3-BF4B-00C04F79EFBC}") = "BusinessLoadTest", "BusinessLoadTest\BusinessLoadTest.csproj", "{15ED84C5-3110-4C65-89C3-9DAB62A5BDF5}"
EndProject
Project("{2150E333-8FDC-42A3-9474-1A3956D46DE8}") = "Solution Items", "Solution Items", "{F5502940-A698-4F71-807D-AEB09B7D7719}"
	ProjectSection(SolutionItems) = preProject
		Local.testsettings = Local.testsettings
	EndProjectSection
EndProject
Project("{9A19103F-16F7-4668-BE54-9A1E7A4F7556}") = "Mardis.Engine.Services", "Mardis.Engine.Services\Mardis.Engine.Services.csproj", "{77674959-91F7-4B49-85FC-51D417174C42}"
EndProject
Global
	GlobalSection(SolutionConfigurationPlatforms) = preSolution
		Debug|Any CPU = Debug|Any CPU
		Release|Any CPU = Release|Any CPU
	EndGlobalSection
	GlobalSection(ProjectConfigurationPlatforms) = postSolution
		{11B9CE2F-FF49-4022-850E-B63954967745}.Debug|Any CPU.ActiveCfg = Debug|Any CPU
		{11B9CE2F-FF49-4022-850E-B63954967745}.Debug|Any CPU.Build.0 = Debug|Any CPU
		{11B9CE2F-FF49-4022-850E-B63954967745}.Release|Any CPU.ActiveCfg = Release|Any CPU
		{11B9CE2F-FF49-4022-850E-B63954967745}.Release|Any CPU.Build.0 = Release|Any CPU
		{7A86087D-7FB6-4B79-8008-DB7A02E116DF}.Debug|Any CPU.ActiveCfg = Debug|Any CPU
		{7A86087D-7FB6-4B79-8008-DB7A02E116DF}.Debug|Any CPU.Build.0 = Debug|Any CPU
		{7A86087D-7FB6-4B79-8008-DB7A02E116DF}.Release|Any CPU.ActiveCfg = Release|Any CPU
		{7A86087D-7FB6-4B79-8008-DB7A02E116DF}.Release|Any CPU.Build.0 = Release|Any CPU
		{3C845BDB-5123-4080-90C9-97758C2159CB}.Debug|Any CPU.ActiveCfg = Debug|Any CPU
		{3C845BDB-5123-4080-90C9-97758C2159CB}.Debug|Any CPU.Build.0 = Debug|Any CPU
		{3C845BDB-5123-4080-90C9-97758C2159CB}.Release|Any CPU.ActiveCfg = Release|Any CPU
		{3C845BDB-5123-4080-90C9-97758C2159CB}.Release|Any CPU.Build.0 = Release|Any CPU
		{C3DC76A5-1830-4F18-B5F0-C1C73758E416}.Debug|Any CPU.ActiveCfg = Debug|Any CPU
		{C3DC76A5-1830-4F18-B5F0-C1C73758E416}.Debug|Any CPU.Build.0 = Debug|Any CPU
		{C3DC76A5-1830-4F18-B5F0-C1C73758E416}.Release|Any CPU.ActiveCfg = Release|Any CPU
		{C3DC76A5-1830-4F18-B5F0-C1C73758E416}.Release|Any CPU.Build.0 = Release|Any CPU
		{62C7B622-8BEE-45C4-92DB-D7DED90673B9}.Debug|Any CPU.ActiveCfg = Debug|Any CPU
		{62C7B622-8BEE-45C4-92DB-D7DED90673B9}.Debug|Any CPU.Build.0 = Debug|Any CPU
		{62C7B622-8BEE-45C4-92DB-D7DED90673B9}.Release|Any CPU.ActiveCfg = Release|Any CPU
		{62C7B622-8BEE-45C4-92DB-D7DED90673B9}.Release|Any CPU.Build.0 = Release|Any CPU
		{F9414D07-0495-4FFA-AB2C-D416D045F72B}.Debug|Any CPU.ActiveCfg = Debug|Any CPU
		{F9414D07-0495-4FFA-AB2C-D416D045F72B}.Debug|Any CPU.Build.0 = Debug|Any CPU
		{F9414D07-0495-4FFA-AB2C-D416D045F72B}.Release|Any CPU.ActiveCfg = Release|Any CPU
		{F9414D07-0495-4FFA-AB2C-D416D045F72B}.Release|Any CPU.Build.0 = Release|Any CPU
		{B61C7D5C-4EA1-4DEC-8F31-EA68AF4DAA25}.Debug|Any CPU.ActiveCfg = Debug|Any CPU
		{B61C7D5C-4EA1-4DEC-8F31-EA68AF4DAA25}.Debug|Any CPU.Build.0 = Debug|Any CPU
		{B61C7D5C-4EA1-4DEC-8F31-EA68AF4DAA25}.Release|Any CPU.ActiveCfg = Release|Any CPU
		{B61C7D5C-4EA1-4DEC-8F31-EA68AF4DAA25}.Release|Any CPU.Build.0 = Release|Any CPU
		{91D8EAA2-45D7-41CD-959A-BD3501C0D765}.Debug|Any CPU.ActiveCfg = Debug|Any CPU
		{91D8EAA2-45D7-41CD-959A-BD3501C0D765}.Debug|Any CPU.Build.0 = Debug|Any CPU
		{91D8EAA2-45D7-41CD-959A-BD3501C0D765}.Release|Any CPU.ActiveCfg = Release|Any CPU
		{91D8EAA2-45D7-41CD-959A-BD3501C0D765}.Release|Any CPU.Build.0 = Release|Any CPU
		{F9875D1F-D4D7-437E-85B1-9BB8FB035176}.Debug|Any CPU.ActiveCfg = Debug|Any CPU
		{F9875D1F-D4D7-437E-85B1-9BB8FB035176}.Debug|Any CPU.Build.0 = Debug|Any CPU
		{F9875D1F-D4D7-437E-85B1-9BB8FB035176}.Debug|Any CPU.Deploy.0 = Debug|Any CPU
		{F9875D1F-D4D7-437E-85B1-9BB8FB035176}.Release|Any CPU.ActiveCfg = Release|Any CPU
		{F9875D1F-D4D7-437E-85B1-9BB8FB035176}.Release|Any CPU.Build.0 = Release|Any CPU
		{F9875D1F-D4D7-437E-85B1-9BB8FB035176}.Release|Any CPU.Deploy.0 = Release|Any CPU
		{00ADF72C-E6DC-45D4-BA09-457C28D400D0}.Debug|Any CPU.ActiveCfg = Debug|Any CPU
		{00ADF72C-E6DC-45D4-BA09-457C28D400D0}.Debug|Any CPU.Build.0 = Debug|Any CPU
		{00ADF72C-E6DC-45D4-BA09-457C28D400D0}.Release|Any CPU.ActiveCfg = Release|Any CPU
		{00ADF72C-E6DC-45D4-BA09-457C28D400D0}.Release|Any CPU.Build.0 = Release|Any CPU
		{15ED84C5-3110-4C65-89C3-9DAB62A5BDF5}.Debug|Any CPU.ActiveCfg = Debug|Any CPU
		{15ED84C5-3110-4C65-89C3-9DAB62A5BDF5}.Debug|Any CPU.Build.0 = Debug|Any CPU
		{15ED84C5-3110-4C65-89C3-9DAB62A5BDF5}.Release|Any CPU.ActiveCfg = Release|Any CPU
		{15ED84C5-3110-4C65-89C3-9DAB62A5BDF5}.Release|Any CPU.Build.0 = Release|Any CPU
		{77674959-91F7-4B49-85FC-51D417174C42}.Debug|Any CPU.ActiveCfg = Debug|Any CPU
		{77674959-91F7-4B49-85FC-51D417174C42}.Debug|Any CPU.Build.0 = Debug|Any CPU
		{77674959-91F7-4B49-85FC-51D417174C42}.Release|Any CPU.ActiveCfg = Release|Any CPU
		{77674959-91F7-4B49-85FC-51D417174C42}.Release|Any CPU.Build.0 = Release|Any CPU
	EndGlobalSection
	GlobalSection(SolutionProperties) = preSolution
		HideSolutionNode = FALSE
	EndGlobalSection
	GlobalSection(NestedProjects) = preSolution
		{468BA084-B462-4B9E-87F4-0ABB782FFE4E} = {6804334B-C456-4FC7-A258-2967FCC99457}
		{7889359B-3311-40CD-BA6A-A71A302E91BE} = {6804334B-C456-4FC7-A258-2967FCC99457}
		{C73CE854-F345-4E9A-8055-6D5EEA7B525A} = {6804334B-C456-4FC7-A258-2967FCC99457}
		{2E4278B7-C1FE-4E9C-AB18-7807C973895E} = {6804334B-C456-4FC7-A258-2967FCC99457}
		{34E7F251-2C4F-47BB-A8BE-141B51E5662F} = {6804334B-C456-4FC7-A258-2967FCC99457}
		{CC30FEEA-3392-4F82-BB4F-62784930F150} = {6804334B-C456-4FC7-A258-2967FCC99457}
		{11B9CE2F-FF49-4022-850E-B63954967745} = {7889359B-3311-40CD-BA6A-A71A302E91BE}
		{7A86087D-7FB6-4B79-8008-DB7A02E116DF} = {CC30FEEA-3392-4F82-BB4F-62784930F150}
		{3C845BDB-5123-4080-90C9-97758C2159CB} = {C73CE854-F345-4E9A-8055-6D5EEA7B525A}
		{C3DC76A5-1830-4F18-B5F0-C1C73758E416} = {CC30FEEA-3392-4F82-BB4F-62784930F150}
		{62C7B622-8BEE-45C4-92DB-D7DED90673B9} = {CC30FEEA-3392-4F82-BB4F-62784930F150}
		{F9414D07-0495-4FFA-AB2C-D416D045F72B} = {2E4278B7-C1FE-4E9C-AB18-7807C973895E}
		{B61C7D5C-4EA1-4DEC-8F31-EA68AF4DAA25} = {CC30FEEA-3392-4F82-BB4F-62784930F150}
		{91D8EAA2-45D7-41CD-959A-BD3501C0D765} = {34E7F251-2C4F-47BB-A8BE-141B51E5662F}
		{F9875D1F-D4D7-437E-85B1-9BB8FB035176} = {468BA084-B462-4B9E-87F4-0ABB782FFE4E}
		{DF3ED08A-196C-4EF5-93A4-FCAC2DD1C815} = {6804334B-C456-4FC7-A258-2967FCC99457}
		{00ADF72C-E6DC-45D4-BA09-457C28D400D0} = {DF3ED08A-196C-4EF5-93A4-FCAC2DD1C815}
		{15ED84C5-3110-4C65-89C3-9DAB62A5BDF5} = {DF3ED08A-196C-4EF5-93A4-FCAC2DD1C815}
		{F5502940-A698-4F71-807D-AEB09B7D7719} = {DF3ED08A-196C-4EF5-93A4-FCAC2DD1C815}
		{77674959-91F7-4B49-85FC-51D417174C42} = {34E7F251-2C4F-47BB-A8BE-141B51E5662F}
	EndGlobalSection
EndGlobal
